
Microsoft Visual Studio Solution File, Format Version 12.00
# Visual Studio Version 17
VisualStudioVersion = 17.5.002.0
MinimumVisualStudioVersion = 10.0.40219.1
Project("{9A19103F-16F7-4668-BE54-9A1E7A4F7556}") = "TestesUnitarios.Desafio.Console", "TestesUnitarios.Desafio.Console.csproj", "{AB828698-A167-4F8E-AF4F-2C131C37765A}"
EndProject
Global
	GlobalSection(SolutionConfigurationPlatforms) = preSolution
		Debug|Any CPU = Debug|Any CPU
		Release|Any CPU = Release|Any CPU
	EndGlobalSection
	GlobalSection(ProjectConfigurationPlatforms) = postSolution
		{AB828698-A167-4F8E-AF4F-2C131C37765A}.Debug|Any CPU.ActiveCfg = Debug|Any CPU
		{AB828698-A167-4F8E-AF4F-2C131C37765A}.Debug|Any CPU.Build.0 = Debug|Any CPU
		{AB828698-A167-4F8E-AF4F-2C131C37765A}.Release|Any CPU.ActiveCfg = Release|Any CPU
		{AB828698-A167-4F8E-AF4F-2C131C37765A}.Release|Any CPU.Build.0 = Release|Any CPU
	EndGlobalSection
	GlobalSection(SolutionProperties) = preSolution
		HideSolutionNode = FALSE
	EndGlobalSection
	GlobalSection(ExtensibilityGlobals) = postSolution
		SolutionGuid = {2BB265CE-175E-4EA9-93A6-FE1CBB6C41E6}
	EndGlobalSection
EndGlobal
